symfony c2fa73d33aa0a07e8fba0ce49e1de4b16fd53d61
twig 88dd4ac5797a4ffe702a5eb5a0e5f5f5bea187bf
monolog b704c49a3051536f67f2d39f13568f74615b9922
doctrine-common 925a052b3c2e9bb7f9a81174a25f48c2e837758f
doctrine-dbal 0b0c41e1445c350613f1b64fc8040a725a2d6058
doctrine d444f0e06b6d588d62bdf3493a282cf61bfcd956
swiftmailer daaff2b8515390fbb10882647311f476b89a67e6
assetic f829ad23d23c87480151a21faad49fefe7c09e5d
twig-extensions eba4f5d572bec05c72a47bbd73ba0a3330cf8f54
metadata b633dd5cf8997c27e8a4942108aede2a998606a5
SensioFrameworkExtraBundle b6565d32d71325be1f56943a8758b18f5999de8c
JMSSecurityExtraBundle 52dead53b02b1d6554f58c4bd45a6c534485ee48
SensioDistributionBundle a186b53154bc137a65802ef567e4a2eee2082d21
SensioGeneratorBundle 2016dd4752ec52990b3fb304d68422eab3b1e8e0
AsseticBundle 41b5913b5086a0909af92adcb4a6005ee0051b16
doctrine-mongodb 1674e629f2a1da850e7209477e3ac2c1227e579d
doctrine-mongodb-odm c6e03066f21dce9bcb19b2c2796d43d62a5e7196
doctrine-migrations 73c7570042fb8d0bb74281164c55ae5740562d4b
doctrine-fixtures 3ef3f667cc7a4552beee2fc4abefd4da1a43557c
DoctrineFixturesBundle a66be2f077f3a4e5c3801b356b42b8782f1abbd6
DoctrineMigrationsBundle dd9a336c574301b0b6a7e82a0865cab3d4d95503
DoctrineMongoDBBundle 407d7611faf6f391c56b96191d4d657dadd8ae1e
gedmo-doctrine-extensions e702c728dbc46b02cceb6a92264d7e4cf1cec102
DoctrineExtensionsBundle ef47aa2d130d912acc6f3ec4afa34b733f2a9583
twitteroauth 9a8a027bebc8cc561b66845a0e73acc10b130c89
MastopBundles 7bc39671cd14c952b839c2152139bf67165de35e
JMSAopBundle 16106fc6297a6257f5860af4c5099bba4a859128
DiExtraBundle 6fdd3c265a70affaac1f99ae04d42f718108e4bf
cg-library 07dc64df71b926ec12e9c50c8860fe8b7818b81b