symfony 4fc18552d149f47ba33bac0ee5854ce79282d5db
twig 10c799fd90bf61abb4ac43d5fc0e7b48ecb8c61a
monolog b704c49a3051536f67f2d39f13568f74615b9922
doctrine-common b44ea1dc14e9bbb1a39b37a39875f7a8d4351b82
doctrine-dbal 7101ecd7428e38a0c2edd1a5f23ab3c37ea48423
doctrine 32b8d77580294af45b59166fcda171d79ba31f18
swiftmailer daaff2b8515390fbb10882647311f476b89a67e6
assetic f829ad23d23c87480151a21faad49fefe7c09e5d
twig-extensions d5851b96f06442e74590e5540a4209e9e3946243
metadata 97a9d29120d5cfe93550609a93135dbed3f89be3
SensioFrameworkExtraBundle dcd40eb4e2fff2d82fad644bb44fc2a40ccaf381
JMSSecurityExtraBundle e6a6dfaba3bdb70a7ec3ba7e6b2f0c1d99dab107
SensioDistributionBundle 2e0060d701949d2ad4b32c6c3c6c50c0d8f75fba
SensioGeneratorBundle c6af9719ae9e81fa4e086f40697d35e7090921cc
AsseticBundle 41b5913b5086a0909af92adcb4a6005ee0051b16
doctrine-mongodb acddb3855ca6db9ca9f53cb432ed3f13ee7223f4
doctrine-mongodb-odm dad305d8b77a2be3748c42e8dade8c4fb6fea0e9
doctrine-migrations 73c7570042fb8d0bb74281164c55ae5740562d4b
doctrine-fixtures 3ef3f667cc7a4552beee2fc4abefd4da1a43557c
DoctrineFixturesBundle a66be2f077f3a4e5c3801b356b42b8782f1abbd6
DoctrineMigrationsBundle dd9a336c574301b0b6a7e82a0865cab3d4d95503
DoctrineMongoDBBundle fd72679a24c2ca2b1cc8de00514579e5a1b54751
gedmo-doctrine-extensions e702c728dbc46b02cceb6a92264d7e4cf1cec102
DoctrineExtensionsBundle 325df80948419a04498cce535a271a0b40baf457
twitteroauth 9a8a027bebc8cc561b66845a0e73acc10b130c89
MastopBundles 6d4363d980327836f45aaa87933da8da72d08dfd
JMSAopBundle 19856aedb285d3731334f8f7327af0020ab4914b
DiExtraBundle 10892342395f1dd4fa22e59d6f686bec6cdc321b
cg-library b10707095ae95b1190d0f445c37718e07982dbcc