symfony d59bde758541f64ca2df555eb996eee1f85d49eb
twig 82e3ecc6da7990af630b88997305993186334528
monolog b704c49a3051536f67f2d39f13568f74615b9922
doctrine-common 98963b089040a814e7b13a003e047ff1d30a4ce0
doctrine-dbal 48f67ae5cc4e48aefe3789e7134c2ae155e58c71
doctrine be4eb63c62921b3006ae28ba063b5561b91c76be
swiftmailer daaff2b8515390fbb10882647311f476b89a67e6
assetic f829ad23d23c87480151a21faad49fefe7c09e5d
twig-extensions d5851b96f06442e74590e5540a4209e9e3946243
metadata 97a9d29120d5cfe93550609a93135dbed3f89be3
SensioFrameworkExtraBundle dcd40eb4e2fff2d82fad644bb44fc2a40ccaf381
JMSSecurityExtraBundle ed4fd2f86173ddee8bd1479112de64a7ee678376
SensioDistributionBundle 2e0060d701949d2ad4b32c6c3c6c50c0d8f75fba
SensioGeneratorBundle c6af9719ae9e81fa4e086f40697d35e7090921cc
AsseticBundle 41b5913b5086a0909af92adcb4a6005ee0051b16
doctrine-mongodb f3bc6e55de215d3c2f924319cba6c6f8aba4123c
doctrine-mongodb-odm a670010d044ac77dd65b24bda24d555bb1a5b5cd
doctrine-migrations 1a3d3533bd2b9b6d7cc42f78f628649caf9efa51
doctrine-fixtures 3ef3f667cc7a4552beee2fc4abefd4da1a43557c
DoctrineFixturesBundle a66be2f077f3a4e5c3801b356b42b8782f1abbd6
DoctrineMigrationsBundle dd9a336c574301b0b6a7e82a0865cab3d4d95503
DoctrineMongoDBBundle 43d555227e3a2d6962b68ad717de78b3628cf484
gedmo-doctrine-extensions e702c728dbc46b02cceb6a92264d7e4cf1cec102
DoctrineExtensionsBundle ff7f1fc311ea63d014b7350225366403632ecd40
twitteroauth f5e557e5cb87c872877d238cdffbd8e37e01ecc5
MastopBundles 6d4363d980327836f45aaa87933da8da72d08dfd
JMSAopBundle 19856aedb285d3731334f8f7327af0020ab4914b
DiExtraBundle 10892342395f1dd4fa22e59d6f686bec6cdc321b
cg-library b10707095ae95b1190d0f445c37718e07982dbcc